
Microsoft Visual Studio Solution File, Format Version 12.00
# Visual Studio 2012
Project("{FAE04EC0-301F-11D3-BF4B-00C04F79EFBC}") = "WMPT", "WMPT\WMPT.csproj", "{1D7A3BF9-FC87-422F-AADF-7974167D4DF2}"
EndProject
Project("{FAE04EC0-301F-11D3-BF4B-00C04F79EFBC}") = "WMPT.Tests", "WMPT.Tests\WMPT.Tests.csproj", "{A27C559D-5571-4BB9-B2A0-122824C7DA70}"
EndProject
Project("{FAE04EC0-301F-11D3-BF4B-00C04F79EFBC}") = "ConsoleApplication1", "ConsoleApplication1\ConsoleApplication1.csproj", "{56789114-CD57-448F-8826-630DF0E03349}"
EndProject
Global
	GlobalSection(SolutionConfigurationPlatforms) = preSolution
		Debug|Any CPU = Debug|Any CPU
		Release|Any CPU = Release|Any CPU
	EndGlobalSection
	GlobalSection(ProjectConfigurationPlatforms) = postSolution
		{1D7A3BF9-FC87-422F-AADF-7974167D4DF2}.Debug|Any CPU.ActiveCfg = Debug|Any CPU
		{1D7A3BF9-FC87-422F-AADF-7974167D4DF2}.Debug|Any CPU.Build.0 = Debug|Any CPU
		{1D7A3BF9-FC87-422F-AADF-7974167D4DF2}.Release|Any CPU.ActiveCfg = Release|Any CPU
		{1D7A3BF9-FC87-422F-AADF-7974167D4DF2}.Release|Any CPU.Build.0 = Release|Any CPU
		{A27C559D-5571-4BB9-B2A0-122824C7DA70}.Debug|Any CPU.ActiveCfg = Debug|Any CPU
		{A27C559D-5571-4BB9-B2A0-122824C7DA70}.Debug|Any CPU.Build.0 = Debug|Any CPU
		{A27C559D-5571-4BB9-B2A0-122824C7DA70}.Release|Any CPU.ActiveCfg = Release|Any CPU
		{A27C559D-5571-4BB9-B2A0-122824C7DA70}.Release|Any CPU.Build.0 = Release|Any CPU
		{56789114-CD57-448F-8826-630DF0E03349}.Debug|Any CPU.ActiveCfg = Debug|Any CPU
		{56789114-CD57-448F-8826-630DF0E03349}.Debug|Any CPU.Build.0 = Debug|Any CPU
		{56789114-CD57-448F-8826-630DF0E03349}.Release|Any CPU.ActiveCfg = Release|Any CPU
		{56789114-CD57-448F-8826-630DF0E03349}.Release|Any CPU.Build.0 = Release|Any CPU
	EndGlobalSection
	GlobalSection(SolutionProperties) = preSolution
		HideSolutionNode = FALSE
	EndGlobalSection
EndGlobal
